PODS:
  - C4 (2.1.1)
  - ChameleonFramework (2.1.0):
    - ChameleonFramework/Default (= 2.1.0)
  - ChameleonFramework/Default (2.1.0)
  - lottie-ios (1.5.2)

DEPENDENCIES:
  - C4
  - ChameleonFramework
  - lottie-ios

SPEC CHECKSUMS:
  C4: 50c631f37096fd84498b462dce124552ad958d88
  ChameleonFramework: d21a3cc247abfe5e37609a283a8238b03575cf64
  lottie-ios: 255a0e95973a5c4424e809d7a5c19f7384c73e84

PODFILE CHECKSUM: fb8d6787a5c89b481391dba21a7f101e14628b2b

COCOAPODS: 1.2.1
