// !$*UTF8*$!
{
	archiveVersion = 1;
	classes = {
	};
	objectVersion = 46;
	objects = {

/* Begin PBXBuildFile section */
		61072E281E8FDDF70033200E /* AppDelegate.swift in Sources */ = {isa = PBXBuildFile; fileRef = 61072E271E8FDDF70033200E /* AppDelegate.swift */; };
		61072E2D1E8FDDF70033200E /* Main.storyboard in Resources */ = {isa = PBXBuildFile; fileRef = 61072E2B1E8FDDF70033200E /* Main.storyboard */; };
		61072E2F1E8FDDF70033200E /* Assets.xcassets in Resources */ = {isa = PBXBuildFile; fileRef = 61072E2E1E8FDDF70033200E /* Assets.xcassets */; };
		61072E321E8FDDF70033200E /* LaunchScreen.storyboard in Resources */ = {isa = PBXBuildFile; fileRef = 61072E301E8FDDF70033200E /* LaunchScreen.storyboard */; };
		61072E3A1E8FDE3F0033200E /* HomeTableViewController.swift in Sources */ = {isa = PBXBuildFile; fileRef = 61072E391E8FDE3F0033200E /* HomeTableViewController.swift */; };
		61072E3C1E8FE23B0033200E /* d170401_C4Wavefront.swift in Sources */ = {isa = PBXBuildFile; fileRef = 61072E3B1E8FE23B0033200E /* d170401_C4Wavefront.swift */; };
		61072E3E1E8FE5000033200E /* C4Manager.swift in Sources */ = {isa = PBXBuildFile; fileRef = 61072E3D1E8FE5000033200E /* C4Manager.swift */; };
		6109805B1E9B6D1F001CE880 /* d170410_ReloadTableView.swift in Sources */ = {isa = PBXBuildFile; fileRef = 6109805A1E9B6D1F001CE880 /* d170410_ReloadTableView.swift */; };
		61122B141E9139AF00C0088A /* d170402_C4CircleShadow.swift in Sources */ = {isa = PBXBuildFile; fileRef = 61122B131E9139AF00C0088A /* d170402_C4CircleShadow.swift */; };
		611387921E928D9000F15E5A /* d170403_C4PolygonPanGesture.swift in Sources */ = {isa = PBXBuildFile; fileRef = 611387911E928D9000F15E5A /* d170403_C4PolygonPanGesture.swift */; };
		611387941E92A74500F15E5A /* d170404_SearchBarInNavigationController.swift in Sources */ = {isa = PBXBuildFile; fileRef = 611387931E92A74500F15E5A /* d170404_SearchBarInNavigationController.swift */; };
		6113879A1E935E9100F15E5A /* UIKitManager.swift in Sources */ = {isa = PBXBuildFile; fileRef = 611387991E935E9100F15E5A /* UIKitManager.swift */; };
		61278D9E1E9677C900418280 /* d170406_MediaPlayer.swift in Sources */ = {isa = PBXBuildFile; fileRef = 61278D9D1E9677C900418280 /* d170406_MediaPlayer.swift */; };
		612D80741EA4A51300E1BFBB /* d170417_CVPixelBuffer.swift in Sources */ = {isa = PBXBuildFile; fileRef = 612D80731EA4A51300E1BFBB /* d170417_CVPixelBuffer.swift */; };
		615E2D5B1E9CF531002DF456 /* d170411_MakeUIImage.swift in Sources */ = {isa = PBXBuildFile; fileRef = 615E2D5A1E9CF531002DF456 /* d170411_MakeUIImage.swift */; };
		615E2D5D1E9DF86E002DF456 /* d170412_CameraCapture.swift in Sources */ = {isa = PBXBuildFile; fileRef = 615E2D5C1E9DF86E002DF456 /* d170412_CameraCapture.swift */; };
		615E2D5F1E9FC21E002DF456 /* d170413_BlurEffect.swift in Sources */ = {isa = PBXBuildFile; fileRef = 615E2D5E1E9FC21E002DF456 /* d170413_BlurEffect.swift */; };
		615E2D611EA25358002DF456 /* d170415_TableViewRowHeight.swift in Sources */ = {isa = PBXBuildFile; fileRef = 615E2D601EA25358002DF456 /* d170415_TableViewRowHeight.swift */; };
		61D097081ECB4AA600477904 /* d170516_UserNotificationsCalender.swift in Sources */ = {isa = PBXBuildFile; fileRef = 61D097071ECB4AA600477904 /* d170516_UserNotificationsCalender.swift */; };
		61EB6AE01E94F9CB00611133 /* d170405_TwitterTimeLine.swift in Sources */ = {isa = PBXBuildFile; fileRef = 61EB6ADF1E94F9CB00611133 /* d170405_TwitterTimeLine.swift */; };
		61F2F4891EAF3CD60004E0C9 /* d170425_AttributedSpeech.swift in Sources */ = {isa = PBXBuildFile; fileRef = 61F2F4881EAF3CD60004E0C9 /* d170425_AttributedSpeech.swift */; };
		9433F28F7E92F9F503D2A97D /* Pods_SwiftPractice.framework in Frameworks */ = {isa = PBXBuildFile; fileRef = 3E36A71212AAB9D0CE2142A0 /* Pods_SwiftPractice.framework */; };
/* End PBXBuildFile section */

/* Begin PBXFileReference section */
		0F0A7F2F8BD387987CB1F966 /* Pods-SwiftPractice.debug.xcconfig */ = {isa = PBXFileReference; includeInIndex = 1; lastKnownFileType = text.xcconfig; name = "Pods-SwiftPractice.debug.xcconfig"; path = "Pods/Target Support Files/Pods-SwiftPractice/Pods-SwiftPractice.debug.xcconfig"; sourceTree = "<group>"; };
		3E36A71212AAB9D0CE2142A0 /* Pods_SwiftPractice.framework */ = {isa = PBXFileReference; explicitFileType = wrapper.framework; includeInIndex = 0; path = Pods_SwiftPractice.framework; sourceTree = BUILT_PRODUCTS_DIR; };
		5332E053413CFBC3BC137222 /* Pods-SwiftPractice.release.xcconfig */ = {isa = PBXFileReference; includeInIndex = 1; lastKnownFileType = text.xcconfig; name = "Pods-SwiftPractice.release.xcconfig"; path = "Pods/Target Support Files/Pods-SwiftPractice/Pods-SwiftPractice.release.xcconfig"; sourceTree = "<group>"; };
		61072E241E8FDDF70033200E /* SwiftPractice.app */ = {isa = PBXFileReference; explicitFileType = wrapper.application; includeInIndex = 0; path = SwiftPractice.app; sourceTree = BUILT_PRODUCTS_DIR; };
		61072E271E8FDDF70033200E /* AppDelegate.swift */ = {isa = PBXFileReference; lastKnownFileType = sourcecode.swift; path = AppDelegate.swift; sourceTree = "<group>"; };
		61072E2C1E8FDDF70033200E /* Base */ = {isa = PBXFileReference; lastKnownFileType = file.storyboard; name = Base; path = Base.lproj/Main.storyboard; sourceTree = "<group>"; };
		61072E2E1E8FDDF70033200E /* Assets.xcassets */ = {isa = PBXFileReference; lastKnownFileType = folder.assetcatalog; path = Assets.xcassets; sourceTree = "<group>"; };
		61072E311E8FDDF70033200E /* Base */ = {isa = PBXFileReference; lastKnownFileType = file.storyboard; name = Base; path = Base.lproj/LaunchScreen.storyboard; sourceTree = "<group>"; };
		61072E331E8FDDF70033200E /* Info.plist */ = {isa = PBXFileReference; lastKnownFileType = text.plist.xml; path = Info.plist; sourceTree = "<group>"; };
		61072E391E8FDE3F0033200E /* HomeTableViewController.swift */ = {isa = PBXFileReference; fileEncoding = 4; lastKnownFileType = sourcecode.swift; path = HomeTableViewController.swift; sourceTree = "<group>"; };
		61072E3B1E8FE23B0033200E /* d170401_C4Wavefront.swift */ = {isa = PBXFileReference; fileEncoding = 4; lastKnownFileType = sourcecode.swift; path = d170401_C4Wavefront.swift; sourceTree = "<group>"; };
		61072E3D1E8FE5000033200E /* C4Manager.swift */ = {isa = PBXFileReference; fileEncoding = 4; lastKnownFileType = sourcecode.swift; path = C4Manager.swift; sourceTree = "<group>"; };
		6109805A1E9B6D1F001CE880 /* d170410_ReloadTableView.swift */ = {isa = PBXFileReference; fileEncoding = 4; lastKnownFileType = sourcecode.swift; path = d170410_ReloadTableView.swift; sourceTree = "<group>"; };
		61122B131E9139AF00C0088A /* d170402_C4CircleShadow.swift */ = {isa = PBXFileReference; fileEncoding = 4; lastKnownFileType = sourcecode.swift; path = d170402_C4CircleShadow.swift; sourceTree = "<group>"; };
		611387911E928D9000F15E5A /* d170403_C4PolygonPanGesture.swift */ = {isa = PBXFileReference; fileEncoding = 4; lastKnownFileType = sourcecode.swift; path = d170403_C4PolygonPanGesture.swift; sourceTree = "<group>"; };
		611387931E92A74500F15E5A /* d170404_SearchBarInNavigationController.swift */ = {isa = PBXFileReference; fileEncoding = 4; lastKnownFileType = sourcecode.swift; path = d170404_SearchBarInNavigationController.swift; sourceTree = "<group>"; };
		611387991E935E9100F15E5A /* UIKitManager.swift */ = {isa = PBXFileReference; fileEncoding = 4; lastKnownFileType = sourcecode.swift; path = UIKitManager.swift; sourceTree = "<group>"; };
		61278D9D1E9677C900418280 /* d170406_MediaPlayer.swift */ = {isa = PBXFileReference; fileEncoding = 4; lastKnownFileType = sourcecode.swift; path = d170406_MediaPlayer.swift; sourceTree = "<group>"; };
		612D80731EA4A51300E1BFBB /* d170417_CVPixelBuffer.swift */ = {isa = PBXFileReference; fileEncoding = 4; lastKnownFileType = sourcecode.swift; path = d170417_CVPixelBuffer.swift; sourceTree = "<group>"; };
		615E2D5A1E9CF531002DF456 /* d170411_MakeUIImage.swift */ = {isa = PBXFileReference; fileEncoding = 4; lastKnownFileType = sourcecode.swift; path = d170411_MakeUIImage.swift; sourceTree = "<group>"; };
		615E2D5C1E9DF86E002DF456 /* d170412_CameraCapture.swift */ = {isa = PBXFileReference; fileEncoding = 4; lastKnownFileType = sourcecode.swift; path = d170412_CameraCapture.swift; sourceTree = "<group>"; };
		615E2D5E1E9FC21E002DF456 /* d170413_BlurEffect.swift */ = {isa = PBXFileReference; fileEncoding = 4; lastKnownFileType = sourcecode.swift; path = d170413_BlurEffect.swift; sourceTree = "<group>"; };
		615E2D601EA25358002DF456 /* d170415_TableViewRowHeight.swift */ = {isa = PBXFileReference; fileEncoding = 4; lastKnownFileType = sourcecode.swift; path = d170415_TableViewRowHeight.swift; sourceTree = "<group>"; };
		61D097071ECB4AA600477904 /* d170516_UserNotificationsCalender.swift */ = {isa = PBXFileReference; fileEncoding = 4; lastKnownFileType = sourcecode.swift; path = d170516_UserNotificationsCalender.swift; sourceTree = "<group>"; };
		61EB6ADF1E94F9CB00611133 /* d170405_TwitterTimeLine.swift */ = {isa = PBXFileReference; fileEncoding = 4; lastKnownFileType = sourcecode.swift; path = d170405_TwitterTimeLine.swift; sourceTree = "<group>"; };
		61F2F4881EAF3CD60004E0C9 /* d170425_AttributedSpeech.swift */ = {isa = PBXFileReference; fileEncoding = 4; lastKnownFileType = sourcecode.swift; path = d170425_AttributedSpeech.swift; sourceTree = "<group>"; };
/* End PBXFileReference section */

/* Begin PBXFrameworksBuildPhase section */
		61072E211E8FDDF70033200E /* Frameworks */ = {
			isa = PBXFrameworksBuildPhase;
			buildActionMask = 2147483647;
			files = (
				9433F28F7E92F9F503D2A97D /* Pods_SwiftPractice.framework in Frameworks */,
			);
			runOnlyForDeploymentPostprocessing = 0;
		};
/* End PBXFrameworksBuildPhase section */

/* Begin PBXGroup section */
		61072E1B1E8FDDF70033200E = {
			isa = PBXGroup;
			children = (
				61072E261E8FDDF70033200E /* SwiftPractice */,
				61072E251E8FDDF70033200E /* Products */,
				D8F961F0DEF2690F7C6B7D61 /* Pods */,
				E9AC861D70946EBC3AE3F3F2 /* Frameworks */,
			);
			sourceTree = "<group>";
		};
		61072E251E8FDDF70033200E /* Products */ = {
			isa = PBXGroup;
			children = (
				61072E241E8FDDF70033200E /* SwiftPractice.app */,
			);
			name = Products;
			sourceTree = "<group>";
		};
		61072E261E8FDDF70033200E /* SwiftPractice */ = {
			isa = PBXGroup;
			children = (
				61072E271E8FDDF70033200E /* AppDelegate.swift */,
				61072E391E8FDE3F0033200E /* HomeTableViewController.swift */,
				61072E2B1E8FDDF70033200E /* Main.storyboard */,
				611387971E932B0300F15E5A /* C4 */,
				611387981E932B3400F15E5A /* UIKit */,
				61072E2E1E8FDDF70033200E /* Assets.xcassets */,
				61072E301E8FDDF70033200E /* LaunchScreen.storyboard */,
				61072E331E8FDDF70033200E /* Info.plist */,
			);
			path = SwiftPractice;
			sourceTree = "<group>";
		};
		611387971E932B0300F15E5A /* C4 */ = {
			isa = PBXGroup;
			children = (
				61072E3D1E8FE5000033200E /* C4Manager.swift */,
				61072E3B1E8FE23B0033200E /* d170401_C4Wavefront.swift */,
				61122B131E9139AF00C0088A /* d170402_C4CircleShadow.swift */,
				611387911E928D9000F15E5A /* d170403_C4PolygonPanGesture.swift */,
			);
			name = C4;
			sourceTree = "<group>";
		};
		611387981E932B3400F15E5A /* UIKit */ = {
			isa = PBXGroup;
			children = (
				611387931E92A74500F15E5A /* d170404_SearchBarInNavigationController.swift */,
				61EB6ADF1E94F9CB00611133 /* d170405_TwitterTimeLine.swift */,
				61278D9D1E9677C900418280 /* d170406_MediaPlayer.swift */,
				6109805A1E9B6D1F001CE880 /* d170410_ReloadTableView.swift */,
				615E2D5A1E9CF531002DF456 /* d170411_MakeUIImage.swift */,
				615E2D5C1E9DF86E002DF456 /* d170412_CameraCapture.swift */,
				615E2D5E1E9FC21E002DF456 /* d170413_BlurEffect.swift */,
				615E2D601EA25358002DF456 /* d170415_TableViewRowHeight.swift */,
				612D80731EA4A51300E1BFBB /* d170417_CVPixelBuffer.swift */,
				61F2F4881EAF3CD60004E0C9 /* d170425_AttributedSpeech.swift */,
				61D097071ECB4AA600477904 /* d170516_UserNotificationsCalender.swift */,
				611387991E935E9100F15E5A /* UIKitManager.swift */,
			);
			name = UIKit;
			sourceTree = "<group>";
		};
		D8F961F0DEF2690F7C6B7D61 /* Pods */ = {
			isa = PBXGroup;
			children = (
				0F0A7F2F8BD387987CB1F966 /* Pods-SwiftPractice.debug.xcconfig */,
				5332E053413CFBC3BC137222 /* Pods-SwiftPractice.release.xcconfig */,
			);
			name = Pods;
			sourceTree = "<group>";
		};
		E9AC861D70946EBC3AE3F3F2 /* Frameworks */ = {
			isa = PBXGroup;
			children = (
				3E36A71212AAB9D0CE2142A0 /* Pods_SwiftPractice.framework */,
			);
			name = Frameworks;
			sourceTree = "<group>";
		};
/* End PBXGroup section */

/* Begin PBXNativeTarget section */
		61072E231E8FDDF70033200E /* SwiftPractice */ = {
			isa = PBXNativeTarget;
			buildConfigurationList = 61072E361E8FDDF70033200E /* Build configuration list for PBXNativeTarget "SwiftPractice" */;
			buildPhases = (
				F628EE53112FF4BE1924E6D8 /* [CP] Check Pods Manifest.lock */,
				61072E201E8FDDF70033200E /* Sources */,
				61072E211E8FDDF70033200E /* Frameworks */,
				61072E221E8FDDF70033200E /* Resources */,
				34F14B94B74C8CDD7CF42282 /* [CP] Embed Pods Frameworks */,
				D408AE9EB7FF16CBE1D2F5F6 /* [CP] Copy Pods Resources */,
			);
			buildRules = (
			);
			dependencies = (
			);
			name = SwiftPractice;
			productName = SwiftPractice;
			productReference = 61072E241E8FDDF70033200E /* SwiftPractice.app */;
			productType = "com.apple.product-type.application";
		};
/* End PBXNativeTarget section */

/* Begin PBXProject section */
		61072E1C1E8FDDF70033200E /* Project object */ = {
			isa = PBXProject;
			attributes = {
				LastSwiftUpdateCheck = 0820;
				LastUpgradeCheck = 0820;
				ORGANIZATIONNAME = "Yuki Takei";
				TargetAttributes = {
					61072E231E8FDDF70033200E = {
						CreatedOnToolsVersion = 8.2.1;
						DevelopmentTeam = NWMCRKZDG5;
						ProvisioningStyle = Automatic;
					};
				};
			};
			buildConfigurationList = 61072E1F1E8FDDF70033200E /* Build configuration list for PBXProject "SwiftPractice" */;
			compatibilityVersion = "Xcode 3.2";
			developmentRegion = English;
			hasScannedForEncodings = 0;
			knownRegions = (
				en,
				Base,
			);
			mainGroup = 61072E1B1E8FDDF70033200E;
			productRefGroup = 61072E251E8FDDF70033200E /* Products */;
			projectDirPath = "";
			projectRoot = "";
			targets = (
				61072E231E8FDDF70033200E /* SwiftPractice */,
			);
		};
/* End PBXProject section */

/* Begin PBXResourcesBuildPhase section */
		61072E221E8FDDF70033200E /* Resources */ = {
			isa = PBXResourcesBuildPhase;
			buildActionMask = 2147483647;
			files = (
				61072E321E8FDDF70033200E /* LaunchScreen.storyboard in Resources */,
				61072E2F1E8FDDF70033200E /* Assets.xcassets in Resources */,
				61072E2D1E8FDDF70033200E /* Main.storyboard in Resources */,
			);
			runOnlyForDeploymentPostprocessing = 0;
		};
/* End PBXResourcesBuildPhase section */

/* Begin PBXShellScriptBuildPhase section */
		34F14B94B74C8CDD7CF42282 /* [CP] Embed Pods Frameworks */ = {
			isa = PBXShellScriptBuildPhase;
			buildActionMask = 2147483647;
			files = (
			);
			inputPaths = (
			);
			name = "[CP] Embed Pods Frameworks";
			outputPaths = (
			);
			runOnlyForDeploymentPostprocessing = 0;
			shellPath = /bin/sh;
			shellScript = "\"${SRCROOT}/Pods/Target Support Files/Pods-SwiftPractice/Pods-SwiftPractice-frameworks.sh\"\n";
			showEnvVarsInLog = 0;
		};
		D408AE9EB7FF16CBE1D2F5F6 /* [CP] Copy Pods Resources */ = {
			isa = PBXShellScriptBuildPhase;
			buildActionMask = 2147483647;
			files = (
			);
			inputPaths = (
			);
			name = "[CP] Copy Pods Resources";
			outputPaths = (
			);
			runOnlyForDeploymentPostprocessing = 0;
			shellPath = /bin/sh;
			shellScript = "\"${SRCROOT}/Pods/Target Support Files/Pods-SwiftPractice/Pods-SwiftPractice-resources.sh\"\n";
			showEnvVarsInLog = 0;
		};
		F628EE53112FF4BE1924E6D8 /* [CP] Check Pods Manifest.lock */ = {
			isa = PBXShellScriptBuildPhase;
			buildActionMask = 2147483647;
			files = (
			);
			inputPaths = (
			);
			name = "[CP] Check Pods Manifest.lock";
			outputPaths = (
			);
			runOnlyForDeploymentPostprocessing = 0;
			shellPath = /bin/sh;
			shellScript = "diff \"${PODS_ROOT}/../Podfile.lock\" \"${PODS_ROOT}/Manifest.lock\" > /dev/null\nif [ $? != 0 ] ; then\n    # print error to STDERR\n    echo \"error: The sandbox is not in sync with the Podfile.lock. Run 'pod install' or update your CocoaPods installation.\" >&2\n    exit 1\nfi\n";
			showEnvVarsInLog = 0;
		};
/* End PBXShellScriptBuildPhase section */

/* Begin PBXSourcesBuildPhase section */
		61072E201E8FDDF70033200E /* Sources */ = {
			isa = PBXSourcesBuildPhase;
			buildActionMask = 2147483647;
			files = (
				61072E3E1E8FE5000033200E /* C4Manager.swift in Sources */,
				61072E3A1E8FDE3F0033200E /* HomeTableViewController.swift in Sources */,
				612D80741EA4A51300E1BFBB /* d170417_CVPixelBuffer.swift in Sources */,
				615E2D5D1E9DF86E002DF456 /* d170412_CameraCapture.swift in Sources */,
				611387921E928D9000F15E5A /* d170403_C4PolygonPanGesture.swift in Sources */,
				61072E281E8FDDF70033200E /* AppDelegate.swift in Sources */,
				6109805B1E9B6D1F001CE880 /* d170410_ReloadTableView.swift in Sources */,
				61D097081ECB4AA600477904 /* d170516_UserNotificationsCalender.swift in Sources */,
				61F2F4891EAF3CD60004E0C9 /* d170425_AttributedSpeech.swift in Sources */,
				61122B141E9139AF00C0088A /* d170402_C4CircleShadow.swift in Sources */,
				61072E3C1E8FE23B0033200E /* d170401_C4Wavefront.swift in Sources */,
				615E2D5F1E9FC21E002DF456 /* d170413_BlurEffect.swift in Sources */,
				61278D9E1E9677C900418280 /* d170406_MediaPlayer.swift in Sources */,
				615E2D611EA25358002DF456 /* d170415_TableViewRowHeight.swift in Sources */,
				615E2D5B1E9CF531002DF456 /* d170411_MakeUIImage.swift in Sources */,
				6113879A1E935E9100F15E5A /* UIKitManager.swift in Sources */,
				61EB6AE01E94F9CB00611133 /* d170405_TwitterTimeLine.swift in Sources */,
				611387941E92A74500F15E5A /* d170404_SearchBarInNavigationController.swift in Sources */,
			);
			runOnlyForDeploymentPostprocessing = 0;
		};
/* End PBXSourcesBuildPhase section */

/* Begin PBXVariantGroup section */
		61072E2B1E8FDDF70033200E /* Main.storyboard */ = {
			isa = PBXVariantGroup;
			children = (
				61072E2C1E8FDDF70033200E /* Base */,
			);
			name = Main.storyboard;
			sourceTree = "<group>";
		};
		61072E301E8FDDF70033200E /* LaunchScreen.storyboard */ = {
			isa = PBXVariantGroup;
			children = (
				61072E311E8FDDF70033200E /* Base */,
			);
			name = LaunchScreen.storyboard;
			sourceTree = "<group>";
		};
/* End PBXVariantGroup section */

/* Begin XCBuildConfiguration section */
		61072E341E8FDDF70033200E /* Debug */ = {
			isa = XCBuildConfiguration;
			buildSettings = {
				ALWAYS_SEARCH_USER_PATHS = NO;
				CLANG_ANALYZER_NONNULL = YES;
				CLANG_CXX_LANGUAGE_STANDARD = "gnu++0x";
				CLANG_CXX_LIBRARY = "libc++";
				CLANG_ENABLE_MODULES = YES;
				CLANG_ENABLE_OBJC_ARC = YES;
				CLANG_WARN_BOOL_CONVERSION = YES;
				CLANG_WARN_CONSTANT_CONVERSION = YES;
				CLANG_WARN_DIRECT_OBJC_ISA_USAGE = YES_ERROR;
				CLANG_WARN_DOCUMENTATION_COMMENTS = YES;
				CLANG_WARN_EMPTY_BODY = YES;
				CLANG_WARN_ENUM_CONVERSION = YES;
				CLANG_WARN_INFINITE_RECURSION = YES;
				CLANG_WARN_INT_CONVERSION = YES;
				CLANG_WARN_OBJC_ROOT_CLASS = YES_ERROR;
				CLANG_WARN_SUSPICIOUS_MOVE = YES;
				CLANG_WARN_UNREACHABLE_CODE = YES;
				CLANG_WARN__DUPLICATE_METHOD_MATCH = YES;
				"CODE_SIGN_IDENTITY[sdk=iphoneos*]" = "iPhone Developer";
				COPY_PHASE_STRIP = NO;
				DEBUG_INFORMATION_FORMAT = dwarf;
				ENABLE_STRICT_OBJC_MSGSEND = YES;
				ENABLE_TESTABILITY = YES;
				GCC_C_LANGUAGE_STANDARD = gnu99;
				GCC_DYNAMIC_NO_PIC = NO;
				GCC_NO_COMMON_BLOCKS = YES;
				GCC_OPTIMIZATION_LEVEL = 0;
				GCC_PREPROCESSOR_DEFINITIONS = (
					"DEBUG=1",
					"$(inherited)",
				);
				GCC_WARN_64_TO_32_BIT_CONVERSION = YES;
				GCC_WARN_ABOUT_RETURN_TYPE = YES_ERROR;
				GCC_WARN_UNDECLARED_SELECTOR = YES;
				GCC_WARN_UNINITIALIZED_AUTOS = YES_AGGRESSIVE;
				GCC_WARN_UNUSED_FUNCTION = YES;
				GCC_WARN_UNUSED_VARIABLE = YES;
				IPHONEOS_DEPLOYMENT_TARGET = 10.2;
				MTL_ENABLE_DEBUG_INFO = YES;
				ONLY_ACTIVE_ARCH = YES;
				SDKROOT = iphoneos;
				SWIFT_ACTIVE_COMPILATION_CONDITIONS = DEBUG;
				SWIFT_OPTIMIZATION_LEVEL = "-Onone";
			};
			name = Debug;
		};
		61072E351E8FDDF70033200E /* Release */ = {
			isa = XCBuildConfiguration;
			buildSettings = {
				ALWAYS_SEARCH_USER_PATHS = NO;
				CLANG_ANALYZER_NONNULL = YES;
				CLANG_CXX_LANGUAGE_STANDARD = "gnu++0x";
				CLANG_CXX_LIBRARY = "libc++";
				CLANG_ENABLE_MODULES = YES;
				CLANG_ENABLE_OBJC_ARC = YES;
				CLANG_WARN_BOOL_CONVERSION = YES;
				CLANG_WARN_CONSTANT_CONVERSION = YES;
				CLANG_WARN_DIRECT_OBJC_ISA_USAGE = YES_ERROR;
				CLANG_WARN_DOCUMENTATION_COMMENTS = YES;
				CLANG_WARN_EMPTY_BODY = YES;
				CLANG_WARN_ENUM_CONVERSION = YES;
				CLANG_WARN_INFINITE_RECURSION = YES;
				CLANG_WARN_INT_CONVERSION = YES;
				CLANG_WARN_OBJC_ROOT_CLASS = YES_ERROR;
				CLANG_WARN_SUSPICIOUS_MOVE = YES;
				CLANG_WARN_UNREACHABLE_CODE = YES;
				CLANG_WARN__DUPLICATE_METHOD_MATCH = YES;
				"CODE_SIGN_IDENTITY[sdk=iphoneos*]" = "iPhone Developer";
				COPY_PHASE_STRIP = NO;
				DEBUG_INFORMATION_FORMAT = "dwarf-with-dsym";
				ENABLE_NS_ASSERTIONS = NO;
				ENABLE_STRICT_OBJC_MSGSEND = YES;
				GCC_C_LANGUAGE_STANDARD = gnu99;
				GCC_NO_COMMON_BLOCKS = YES;
				GCC_WARN_64_TO_32_BIT_CONVERSION = YES;
				GCC_WARN_ABOUT_RETURN_TYPE = YES_ERROR;
				GCC_WARN_UNDECLARED_SELECTOR = YES;
				GCC_WARN_UNINITIALIZED_AUTOS = YES_AGGRESSIVE;
				GCC_WARN_UNUSED_FUNCTION = YES;
				GCC_WARN_UNUSED_VARIABLE = YES;
				IPHONEOS_DEPLOYMENT_TARGET = 10.2;
				MTL_ENABLE_DEBUG_INFO = NO;
				SDKROOT = iphoneos;
				SWIFT_OPTIMIZATION_LEVEL = "-Owholemodule";
				VALIDATE_PRODUCT = YES;
			};
			name = Release;
		};
		61072E371E8FDDF70033200E /* Debug */ = {
			isa = XCBuildConfiguration;
			baseConfigurationReference = 0F0A7F2F8BD387987CB1F966 /* Pods-SwiftPractice.debug.xcconfig */;
			buildSettings = {
				ASSETCATALOG_COMPILER_APPICON_NAME = AppIcon;
				DEVELOPMENT_TEAM = NWMCRKZDG5;
				INFOPLIST_FILE = SwiftPractice/Info.plist;
				LD_RUNPATH_SEARCH_PATHS = "$(inherited) @executable_path/Frameworks";
				PRODUCT_BUNDLE_IDENTIFIER = nokonoko.SwiftPractice;
				PRODUCT_NAME = "$(TARGET_NAME)";
				SWIFT_VERSION = 3.0;
			};
			name = Debug;
		};
		61072E381E8FDDF70033200E /* Release */ = {
			isa = XCBuildConfiguration;
			baseConfigurationReference = 5332E053413CFBC3BC137222 /* Pods-SwiftPractice.release.xcconfig */;
			buildSettings = {
				ASSETCATALOG_COMPILER_APPICON_NAME = AppIcon;
				DEVELOPMENT_TEAM = NWMCRKZDG5;
				INFOPLIST_FILE = SwiftPractice/Info.plist;
				LD_RUNPATH_SEARCH_PATHS = "$(inherited) @executable_path/Frameworks";
				PRODUCT_BUNDLE_IDENTIFIER = nokonoko.SwiftPractice;
				PRODUCT_NAME = "$(TARGET_NAME)";
				SWIFT_VERSION = 3.0;
			};
			name = Release;
		};
/* End XCBuildConfiguration section */

/* Begin XCConfigurationList section */
		61072E1F1E8FDDF70033200E /* Build configuration list for PBXProject "SwiftPractice" */ = {
			isa = XCConfigurationList;
			buildConfigurations = (
				61072E341E8FDDF70033200E /* Debug */,
				61072E351E8FDDF70033200E /* Release */,
			);
			defaultConfigurationIsVisible = 0;
			defaultConfigurationName = Release;
		};
		61072E361E8FDDF70033200E /* Build configuration list for PBXNativeTarget "SwiftPractice" */ = {
			isa = XCConfigurationList;
			buildConfigurations = (
				61072E371E8FDDF70033200E /* Debug */,
				61072E381E8FDDF70033200E /* Release */,
			);
			defaultConfigurationIsVisible = 0;
			defaultConfigurationName = Release;
		};
/* End XCConfigurationList section */
	};
	rootObject = 61072E1C1E8FDDF70033200E /* Project object */;
}
